
Microsoft Visual Studio Solution File, Format Version 12.00
# Visual Studio 2012
Project("{FAE04EC0-301F-11D3-BF4B-00C04F79EFBC}") = "RoundRobin.Web", "RoundRobin\RoundRobin.Web.csproj", "{B7339DCF-06DE-44E6-8C01-C8303A549E87}"
EndProject
Project("{FAE04EC0-301F-11D3-BF4B-00C04F79EFBC}") = "RoundRobin.Tests", "RoundRobin.Tests\RoundRobin.Tests.csproj", "{AF3A0B96-546E-48C2-9CAB-13E9A0CA5BF3}"
EndProject
Project("{FAE04EC0-301F-11D3-BF4B-00C04F79EFBC}") = "RoundRobin.Core", "RoundRobin.Core\RoundRobin.Core.csproj", "{548D2043-B078-483B-A542-92C519315750}"
EndProject
Global
	GlobalSection(SolutionConfigurationPlatforms) = preSolution
		Debug|Any CPU = Debug|Any CPU
		Release|Any CPU = Release|Any CPU
	EndGlobalSection
	GlobalSection(ProjectConfigurationPlatforms) = postSolution
		{B7339DCF-06DE-44E6-8C01-C8303A549E87}.Debug|Any CPU.ActiveCfg = Debug|Any CPU
		{B7339DCF-06DE-44E6-8C01-C8303A549E87}.Debug|Any CPU.Build.0 = Debug|Any CPU
		{B7339DCF-06DE-44E6-8C01-C8303A549E87}.Release|Any CPU.ActiveCfg = Release|Any CPU
		{B7339DCF-06DE-44E6-8C01-C8303A549E87}.Release|Any CPU.Build.0 = Release|Any CPU
		{AF3A0B96-546E-48C2-9CAB-13E9A0CA5BF3}.Debug|Any CPU.ActiveCfg = Debug|Any CPU
		{AF3A0B96-546E-48C2-9CAB-13E9A0CA5BF3}.Debug|Any CPU.Build.0 = Debug|Any CPU
		{AF3A0B96-546E-48C2-9CAB-13E9A0CA5BF3}.Release|Any CPU.ActiveCfg = Release|Any CPU
		{AF3A0B96-546E-48C2-9CAB-13E9A0CA5BF3}.Release|Any CPU.Build.0 = Release|Any CPU
		{548D2043-B078-483B-A542-92C519315750}.Debug|Any CPU.ActiveCfg = Debug|Any CPU
		{548D2043-B078-483B-A542-92C519315750}.Debug|Any CPU.Build.0 = Debug|Any CPU
		{548D2043-B078-483B-A542-92C519315750}.Release|Any CPU.ActiveCfg = Release|Any CPU
		{548D2043-B078-483B-A542-92C519315750}.Release|Any CPU.Build.0 = Release|Any CPU
	EndGlobalSection
	GlobalSection(SolutionProperties) = preSolution
		HideSolutionNode = FALSE
	EndGlobalSection
EndGlobal
